
Microsoft Visual Studio Solution File, Format Version 12.00
# Visual Studio Version 17
VisualStudioVersion = 17.4.33122.133
MinimumVisualStudioVersion = 10.0.40219.1
Project("{FAE04EC0-301F-11D3-BF4B-00C04F79EFBC}") = "EDUTECH", "EDUTECH\EDUTECH.csproj", "{599C3C99-A2C7-4DBE-BAB9-F0B806FCCC06}"
EndProject
Global
	GlobalSection(SolutionConfigurationPlatforms) = preSolution
		Debug|Any CPU = Debug|Any CPU
		Release|Any CPU = Release|Any CPU
	EndGlobalSection
	GlobalSection(ProjectConfigurationPlatforms) = postSolution
		{599C3C99-A2C7-4DBE-BAB9-F0B806FCCC06}.Debug|Any CPU.ActiveCfg = Debug|Any CPU
		{599C3C99-A2C7-4DBE-BAB9-F0B806FCCC06}.Debug|Any CPU.Build.0 = Debug|Any CPU
		{599C3C99-A2C7-4DBE-BAB9-F0B806FCCC06}.Release|Any CPU.ActiveCfg = Release|Any CPU
		{599C3C99-A2C7-4DBE-BAB9-F0B806FCCC06}.Release|Any CPU.Build.0 = Release|Any CPU
	EndGlobalSection
	GlobalSection(SolutionProperties) = preSolution
		HideSolutionNode = FALSE
	EndGlobalSection
	GlobalSection(ExtensibilityGlobals) = postSolution
		SolutionGuid = {8C2B2EEF-D03F-4009-A1FB-2153A61F4542}
	EndGlobalSection
EndGlobal
